
Microsoft Visual Studio Solution File, Format Version 12.00
# Visual Studio 15
VisualStudioVersion = 15.0.27428.2015
MinimumVisualStudioVersion = 10.0.40219.1
Project("{8BC9CEB8-8B4A-11D0-8D11-00A0C91BC942}") = "textureProject", "textureProject.vcxproj", "{FF2BC570-3D49-4CCD-8939-E3BBC879C4F5}"
EndProject
Project("{8BC9CEB8-8B4A-11D0-8D11-00A0C91BC942}") = "DirectXTex", "DirectXTex\DirectXTex\DirectXTex_Desktop_2017.vcxproj", "{371B9FA9-4C90-4AC6-A123-ACED756D6C77}"
EndProject
Global
	GlobalSection(SolutionConfigurationPlatforms) = preSolution
		Debug|x64 = Debug|x64
		Debug|x86 = Debug|x86
		Profile|x64 = Profile|x64
		Profile|x86 = Profile|x86
		Release|x64 = Release|x64
		Release|x86 = Release|x86
		ReleaseNoRegions|x64 = ReleaseNoRegions|x64
		ReleaseNoRegions|x86 = ReleaseNoRegions|x86
		ReleaseRandom|x64 = ReleaseRandom|x64
		ReleaseRandom|x86 = ReleaseRandom|x86
	EndGlobalSection
	GlobalSection(ProjectConfigurationPlatforms) = postSolution
		{FF2BC570-3D49-4CCD-8939-E3BBC879C4F5}.Debug|x64.ActiveCfg = Debug|x64
		{FF2BC570-3D49-4CCD-8939-E3BBC879C4F5}.Debug|x64.Build.0 = Debug|x64
		{FF2BC570-3D49-4CCD-8939-E3BBC879C4F5}.Debug|x86.ActiveCfg = Debug|Win32
		{FF2BC570-3D49-4CCD-8939-E3BBC879C4F5}.Debug|x86.Build.0 = Debug|Win32
		{FF2BC570-3D49-4CCD-8939-E3BBC879C4F5}.Profile|x64.ActiveCfg = ReleaseRandom|x64
		{FF2BC570-3D49-4CCD-8939-E3BBC879C4F5}.Profile|x64.Build.0 = ReleaseRandom|x64
		{FF2BC570-3D49-4CCD-8939-E3BBC879C4F5}.Profile|x86.ActiveCfg = ReleaseRandom|Win32
		{FF2BC570-3D49-4CCD-8939-E3BBC879C4F5}.Profile|x86.Build.0 = ReleaseRandom|Win32
		{FF2BC570-3D49-4CCD-8939-E3BBC879C4F5}.Release|x64.ActiveCfg = Release|x64
		{FF2BC570-3D49-4CCD-8939-E3BBC879C4F5}.Release|x64.Build.0 = Release|x64
		{FF2BC570-3D49-4CCD-8939-E3BBC879C4F5}.Release|x86.ActiveCfg = Release|Win32
		{FF2BC570-3D49-4CCD-8939-E3BBC879C4F5}.Release|x86.Build.0 = Release|Win32
		{FF2BC570-3D49-4CCD-8939-E3BBC879C4F5}.ReleaseNoRegions|x64.ActiveCfg = ReleaseNoRegions|x64
		{FF2BC570-3D49-4CCD-8939-E3BBC879C4F5}.ReleaseNoRegions|x64.Build.0 = ReleaseNoRegions|x64
		{FF2BC570-3D49-4CCD-8939-E3BBC879C4F5}.ReleaseNoRegions|x86.ActiveCfg = ReleaseNoRegions|Win32
		{FF2BC570-3D49-4CCD-8939-E3BBC879C4F5}.ReleaseNoRegions|x86.Build.0 = ReleaseNoRegions|Win32
		{FF2BC570-3D49-4CCD-8939-E3BBC879C4F5}.ReleaseRandom|x64.ActiveCfg = ReleaseRandom|x64
		{FF2BC570-3D49-4CCD-8939-E3BBC879C4F5}.ReleaseRandom|x64.Build.0 = ReleaseRandom|x64
		{FF2BC570-3D49-4CCD-8939-E3BBC879C4F5}.ReleaseRandom|x86.ActiveCfg = ReleaseRandom|Win32
		{FF2BC570-3D49-4CCD-8939-E3BBC879C4F5}.ReleaseRandom|x86.Build.0 = ReleaseRandom|Win32
		{371B9FA9-4C90-4AC6-A123-ACED756D6C77}.Debug|x64.ActiveCfg = Debug|x64
		{371B9FA9-4C90-4AC6-A123-ACED756D6C77}.Debug|x64.Build.0 = Debug|x64
		{371B9FA9-4C90-4AC6-A123-ACED756D6C77}.Debug|x86.ActiveCfg = Debug|Win32
		{371B9FA9-4C90-4AC6-A123-ACED756D6C77}.Debug|x86.Build.0 = Debug|Win32
		{371B9FA9-4C90-4AC6-A123-ACED756D6C77}.Profile|x64.ActiveCfg = Profile|x64
		{371B9FA9-4C90-4AC6-A123-ACED756D6C77}.Profile|x64.Build.0 = Profile|x64
		{371B9FA9-4C90-4AC6-A123-ACED756D6C77}.Profile|x86.ActiveCfg = Profile|Win32
		{371B9FA9-4C90-4AC6-A123-ACED756D6C77}.Profile|x86.Build.0 = Profile|Win32
		{371B9FA9-4C90-4AC6-A123-ACED756D6C77}.Release|x64.ActiveCfg = Release|x64
		{371B9FA9-4C90-4AC6-A123-ACED756D6C77}.Release|x64.Build.0 = Release|x64
		{371B9FA9-4C90-4AC6-A123-ACED756D6C77}.Release|x86.ActiveCfg = Release|Win32
		{371B9FA9-4C90-4AC6-A123-ACED756D6C77}.Release|x86.Build.0 = Release|Win32
		{371B9FA9-4C90-4AC6-A123-ACED756D6C77}.ReleaseNoRegions|x64.ActiveCfg = ReleaseNoRegions|x64
		{371B9FA9-4C90-4AC6-A123-ACED756D6C77}.ReleaseNoRegions|x64.Build.0 = ReleaseNoRegions|x64
		{371B9FA9-4C90-4AC6-A123-ACED756D6C77}.ReleaseNoRegions|x86.ActiveCfg = ReleaseNoRegions|Win32
		{371B9FA9-4C90-4AC6-A123-ACED756D6C77}.ReleaseNoRegions|x86.Build.0 = ReleaseNoRegions|Win32
		{371B9FA9-4C90-4AC6-A123-ACED756D6C77}.ReleaseRandom|x64.ActiveCfg = Release|x64
		{371B9FA9-4C90-4AC6-A123-ACED756D6C77}.ReleaseRandom|x64.Build.0 = Release|x64
		{371B9FA9-4C90-4AC6-A123-ACED756D6C77}.ReleaseRandom|x86.ActiveCfg = Release|Win32
		{371B9FA9-4C90-4AC6-A123-ACED756D6C77}.ReleaseRandom|x86.Build.0 = Release|Win32
	EndGlobalSection
	GlobalSection(SolutionProperties) = preSolution
		HideSolutionNode = FALSE
	EndGlobalSection
	GlobalSection(ExtensibilityGlobals) = postSolution
		SolutionGuid = {E88ADFFC-1198-4934-B26C-9BB2FDBD05F2}
	EndGlobalSection
EndGlobal
